github.com/bigkevmcd/go-configparser v0.0.0-20230107085059-7f3eb70e40ed h1:4YVtJhgEZksGVj86S+w3/QkPfDrYVRYBBFWCQUN6AWI=
github.com/bigkevmcd/go-configparser v0.0.0-20230107085059-7f3eb70e40ed/go.mod h1:zqqfbfnDeSdRs1WihmMjSbhb2Ptw8Jbus831xoqiIec=
github.com/davecgh/go-spew v1.1.0/go.mod h1:J7Y8YcW2NihsgmVo/mv3lAwl/skON4iLHjSsI+c5H38=
github.com/forgoer/openssl v1.6.0 h1:IueL+UfH0hKo99xFPojHLlO3QzRBQqFY+Cht0WwtOC0=
github.com/forgoer/openssl v1.6.0/go.mod h1:9DZ4yOsQmveP0aXC/BpQ++Y5TKaz5yR9+emcxmIZNZs=
github.com/pmezard/go-difflib v1.0.0/go.mod h1:iKH77koFhYxTK1pcRnkKkqfTogsbg7gZNVY4sRDYZ/4=
github.com/stretchr/objx v0.1.0/go.mod h1:HFkY916IF+rwdDfMAkV7OtwuqBVzrE8GR6GFx+wExME=
github.com/stretchr/testify v1.4.0/go.mod h1:j7eGeouHqKxXV5pUuKE4zz7dFj8WfuZ+81PSLYec5m4=
golang.org/x/sys v0.8.0 h1:EBmGv8NaZBZTWvrbjNoL6HVt+IVy3QDQpJs7VRIw3tU=
golang.org/x/sys v0.8.0/go.mod h1:oPkhp1MJrh7nUepCBck5+mAzfO9JrbApNNgaTdGDITg=
gopkg.in/check.v1 v0.0.0-20161208181325-20d25e280405/go.mod h1:Co6ibVJAznAaIkqp8huTwlJQCZ016jof/cbN4VW5Yz0=
gopkg.in/yaml.v2 v2.2.2/go.mod h1:hI93XBmqTisBFMUTm0b8Fm+jr3Dg1NNxqwp+5A1VGuI=
